
Microsoft Visual Studio Solution File, Format Version 12.00
# Visual Studio Version 17
VisualStudioVersion = 17.10.34916.146
MinimumVisualStudioVersion = 10.0.40219.1
Project("{9A19103F-16F7-4668-BE54-9A1E7A4F7556}") = "Items.Domain", "srcServer\Items.Domain\Items.Domain.csproj", "{2125C43B-596E-48BE-BF2A-D51921D05158}"
EndProject
Project("{9A19103F-16F7-4668-BE54-9A1E7A4F7556}") = "Items.Infraestructure", "srcServer\Items.Infraestructure\Items.Infraestructure.csproj", "{F5EBBAFD-FD6C-40BE-8F40-E09A1B4BAC42}"
EndProject
Project("{9A19103F-16F7-4668-BE54-9A1E7A4F7556}") = "Items.Application", "srcServer\Items.Application\Items.Application.csproj", "{E7DC392F-F104-4625-B6C5-970CA34EDC88}"
EndProject
Project("{2150E333-8FDC-42A3-9474-1A3956D46DE8}") = "02.Application", "02.Application", "{26B2E84A-B2AD-4216-984D-6361579757C9}"
EndProject
Project("{2150E333-8FDC-42A3-9474-1A3956D46DE8}") = "04.Domain", "04.Domain", "{DCC01916-38ED-4316-AA45-E0F696D3FD39}"
EndProject
Project("{2150E333-8FDC-42A3-9474-1A3956D46DE8}") = "01.Api", "01.Api", "{6067AC1A-077F-4E0B-B172-80BE4A82CC3B}"
EndProject
Project("{2150E333-8FDC-42A3-9474-1A3956D46DE8}") = "03.Infraestruture", "03.Infraestruture", "{E6E3FECF-0BAC-4875-A135-1C2183D045F6}"
EndProject
Project("{9A19103F-16F7-4668-BE54-9A1E7A4F7556}") = "Items.Api", "srcServer\Items.Api\Items.Api.csproj", "{CFD236C9-F918-45C1-95AC-499AD728978E}"
EndProject
Global
	GlobalSection(SolutionConfigurationPlatforms) = preSolution
		Debug|Any CPU = Debug|Any CPU
		Release|Any CPU = Release|Any CPU
	EndGlobalSection
	GlobalSection(ProjectConfigurationPlatforms) = postSolution
		{2125C43B-596E-48BE-BF2A-D51921D05158}.Debug|Any CPU.ActiveCfg = Debug|Any CPU
		{2125C43B-596E-48BE-BF2A-D51921D05158}.Debug|Any CPU.Build.0 = Debug|Any CPU
		{2125C43B-596E-48BE-BF2A-D51921D05158}.Release|Any CPU.ActiveCfg = Release|Any CPU
		{2125C43B-596E-48BE-BF2A-D51921D05158}.Release|Any CPU.Build.0 = Release|Any CPU
		{F5EBBAFD-FD6C-40BE-8F40-E09A1B4BAC42}.Debug|Any CPU.ActiveCfg = Debug|Any CPU
		{F5EBBAFD-FD6C-40BE-8F40-E09A1B4BAC42}.Debug|Any CPU.Build.0 = Debug|Any CPU
		{F5EBBAFD-FD6C-40BE-8F40-E09A1B4BAC42}.Release|Any CPU.ActiveCfg = Release|Any CPU
		{F5EBBAFD-FD6C-40BE-8F40-E09A1B4BAC42}.Release|Any CPU.Build.0 = Release|Any CPU
		{E7DC392F-F104-4625-B6C5-970CA34EDC88}.Debug|Any CPU.ActiveCfg = Debug|Any CPU
		{E7DC392F-F104-4625-B6C5-970CA34EDC88}.Debug|Any CPU.Build.0 = Debug|Any CPU
		{E7DC392F-F104-4625-B6C5-970CA34EDC88}.Release|Any CPU.ActiveCfg = Release|Any CPU
		{E7DC392F-F104-4625-B6C5-970CA34EDC88}.Release|Any CPU.Build.0 = Release|Any CPU
		{CFD236C9-F918-45C1-95AC-499AD728978E}.Debug|Any CPU.ActiveCfg = Debug|Any CPU
		{CFD236C9-F918-45C1-95AC-499AD728978E}.Debug|Any CPU.Build.0 = Debug|Any CPU
		{CFD236C9-F918-45C1-95AC-499AD728978E}.Release|Any CPU.ActiveCfg = Release|Any CPU
		{CFD236C9-F918-45C1-95AC-499AD728978E}.Release|Any CPU.Build.0 = Release|Any CPU
	EndGlobalSection
	GlobalSection(SolutionProperties) = preSolution
		HideSolutionNode = FALSE
	EndGlobalSection
	GlobalSection(NestedProjects) = preSolution
		{2125C43B-596E-48BE-BF2A-D51921D05158} = {DCC01916-38ED-4316-AA45-E0F696D3FD39}
		{F5EBBAFD-FD6C-40BE-8F40-E09A1B4BAC42} = {E6E3FECF-0BAC-4875-A135-1C2183D045F6}
		{E7DC392F-F104-4625-B6C5-970CA34EDC88} = {26B2E84A-B2AD-4216-984D-6361579757C9}
		{CFD236C9-F918-45C1-95AC-499AD728978E} = {6067AC1A-077F-4E0B-B172-80BE4A82CC3B}
	EndGlobalSection
	GlobalSection(ExtensibilityGlobals) = postSolution
		SolutionGuid = {A9194EF6-0453-4B15-BCCC-9DC7E8E768C5}
	EndGlobalSection
EndGlobal
